%{
  "axon": {:hex, :axon, "0.8.1", "c4a975e62a14ab6c374997b77367ec3a4c2740952ac474d3b0f202c91b7f75c4", [:mix], [{:kino, "~> 0.7", [hex: :kino, repo: "hexpm", optional: true]}, {:kino_vega_lite, "~> 0.1.7", [hex: :kino_vega_lite, repo: "hexpm", optional: true]}, {:nx, "~> 0.10", [hex: :nx, repo: "hexpm", optional: false]}, {:polaris, "~> 0.1", [hex: :polaris, repo: "hexpm", optional: false]}, {:table_rex, "~> 3.1 or ~> 4.1", [hex: :table_rex, repo: "hexpm", optional: true]}], "hexpm", "682a3517489300507ac9345f28341e7fa95bc5b4960d645816074ce551795d37"},
  "bumblebee": {:git, "https://github.com/elixir-nx/bumblebee.git", "d0774e8ab8c4d5ac60ade95ec8dc9e1f0efd7306", [ref: "d0774e8ab8c4d5ac60ade95ec8dc9e1f0efd7306"]},
  "bunt": {:hex, :bunt, "1.0.0", "081c2c665f086849e6d57900292b3a161727ab40431219529f13c4ddcf3e7a44", [:mix], [], "hexpm", "dc5f86aa08a5f6fa6b8096f0735c4e76d54ae5c9fa2c143e5a1fc7c1cd9bb6b5"},
  "castore": {:hex, :castore, "1.0.19", "6903cabdfd9d1af46454126e7c8385186659dd33ecfb74a885cae52221ad6109", [:mix], [], "hexpm", "3669e6cab13f54c2df26b3e6833745d647f35b6e30d8ddd5975df0d5c842ca98"},
  "certifi": {:hex, :certifi, "2.15.0", "0e6e882fcdaaa0a5a9f2b3db55b1394dba07e8d6d9bcad08318fb604c6839712", [:rebar3], [], "hexpm", "b147ed22ce71d72eafdad94f055165c1c182f61a2ff49df28bcc71d1d5b94a60"},
  "complex": {:hex, :complex, "0.7.0", "695632ef9487517aa5d57edd1697801079d622414cb2e1a7cf538b1f9a50f205", [:mix], [], "hexpm", "0ee39c0803129f546e7f3f640da8f021c9e659402bf59da6f7f2c4848f068f8d"},
  "credo": {:hex, :credo, "1.7.18", "5c5596bf7aedf9c8c227f13272ac499fe8eae6237bd326f2f07dfc173786f042", [:mix], [{:bunt, "~> 0.2.1 or ~> 1.0", [hex: :bunt, repo: "hexpm", optional: false]}, {:file_system, "~> 0.2 or ~> 1.0", [hex: :file_system, repo: "hexpm", optional: false]}, {:jason, "~> 1.0", [hex: :jason, repo: "hexpm", optional: false]}], "hexpm", "a189d164685fd945809e862fe76a7420c4398fa288d76257662aecb909d6b3e5"},
  "crucible_framework": {:hex, :crucible_framework, "0.5.2", "60eefde741d0467d1ccabdab7b41608bcb56e42f7e3ca0dbedbf50bbaa823cc5", [:mix], [{:crucible_bench, "~> 0.4.0", [hex: :crucible_bench, repo: "hexpm", optional: true]}, {:crucible_ir, "~> 0.2.1", [hex: :crucible_ir, repo: "hexpm", optional: false]}, {:crucible_trace, "~> 0.3.1", [hex: :crucible_trace, repo: "hexpm", optional: true]}, {:ecto_sql, "~> 3.11", [hex: :ecto_sql, repo: "hexpm", optional: true]}, {:jason, "~> 1.4", [hex: :jason, repo: "hexpm", optional: false]}, {:postgrex, ">= 0.21.1", [hex: :postgrex, repo: "hexpm", optional: true]}, {:telemetry, "~> 1.3", [hex: :telemetry, repo: "hexpm", optional: false]}], "hexpm", "f40d19d090690bc1017f6cf09500a5afac1f83b2d0453052bfda9975a056817f"},
  "crucible_ir": {:hex, :crucible_ir, "0.2.1", "7e987f619b5fe0955c3e9ec070def8c9d7b6de69c7af8c3313cc988ff4fce662", [:mix], [{:jason, "~> 1.4", [hex: :jason, repo: "hexpm", optional: false]}], "hexpm", "3d968910000daefd8bbbc25004852a7ebe4f74cec970527297b7ed5d4e90a33f"},
  "db_connection": {:hex, :db_connection, "2.10.1", "d5465f6bcc125c1b8981c1dbf23c193ca16f446ec0b25832dc174f74f18be510", [:mix], [{:telemetry, "~> 0.4 or ~> 1.0", [hex: :telemetry, repo: "hexpm", optional: false]}], "hexpm", "18ed94c6e627b4bf452dbd4df61b69a35a1e768525140bc1917b7a685026a6a3"},
  "decimal": {:hex, :decimal, "2.4.1", "6c0fbede12fb122ba685e9ab41c6a40c129e322b3aa192f9e072e61f3a6ffaf2", [:mix], [], "hexpm", "7e618897933a8455f19a727d7c5e50a2c071a544b700e5e724298ecb4340187f"},
  "dialyxir": {:hex, :dialyxir, "1.4.7", "dda948fcee52962e4b6c5b4b16b2d8fa7d50d8645bbae8b8685c3f9ecb7f5f4d", [:mix], [{:erlex, ">= 0.2.8", [hex: :erlex, repo: "hexpm", optional: false]}], "hexpm", "b34527202e6eb8cee198efec110996c25c5898f43a4094df157f8d28f27d9efe"},
  "earmark_parser": {:hex, :earmark_parser, "1.4.44", "f20830dd6b5c77afe2b063777ddbbff09f9759396500cdbe7523efd58d7a339c", [:mix], [], "hexpm", "4778ac752b4701a5599215f7030989c989ffdc4f6df457c5f36938cc2d2a2750"},
  "ecto": {:hex, :ecto, "3.13.6", "352135b474f91d1ab99a1b502171d207e9db60421c9e3d0ecab4c7ab96b24d14", [:mix], [{:decimal, "~> 2.0 or ~> 3.0", [hex: :decimal, repo: "hexpm", optional: false]}, {:jason, "~> 1.0", [hex: :jason, repo: "hexpm", optional: true]}, {:telemetry, "~> 0.4 or ~> 1.0", [hex: :telemetry, repo: "hexpm", optional: false]}], "hexpm", "8afa059bc16cd2c94739ec0a11e3e5df69d828125119109bef35f20a21a76af2"},
  "ecto_sql": {:hex, :ecto_sql, "3.13.5", "2f8282b2ad97bf0f0d3217ea0a6fff320ead9e2f8770f810141189d182dc304e", [:mix], [{:db_connection, "~> 2.4.1 or ~> 2.5", [hex: :db_connection, repo: "hexpm", optional: false]}, {:ecto, "~> 3.13.0", [hex: :ecto, repo: "hexpm", optional: false]}, {:myxql, "~> 0.7", [hex: :myxql, repo: "hexpm", optional: true]}, {:postgrex, "~> 0.19 or ~> 1.0", [hex: :postgrex, repo: "hexpm", optional: true]}, {:tds, "~> 2.1.1 or ~> 2.2", [hex: :tds, repo: "hexpm", optional: true]}, {:telemetry, "~> 0.4.0 or ~> 1.0", [hex: :telemetry, repo: "hexpm", optional: false]}], "hexpm", "aa36751f4e6a2b56ae79efb0e088042e010ff4935fc8684e74c23b1f49e25fdc"},
  "elixir_make": {:hex, :elixir_make, "0.9.0", "6484b3cd8c0cee58f09f05ecaf1a140a8c97670671a6a0e7ab4dc326c3109726", [:mix], [], "hexpm", "db23d4fd8b757462ad02f8aa73431a426fe6671c80b200d9710caf3d1dd0ffdb"},
  "erlex": {:hex, :erlex, "0.2.8", "cd8116f20f3c0afe376d1e8d1f0ae2452337729f68be016ea544a72f767d9c12", [:mix], [], "hexpm", "9d66ff9fedf69e49dc3fd12831e12a8a37b76f8651dd21cd45fcf5561a8a7590"},
  "erlexec": {:hex, :erlexec, "2.3.0", "90dff0f8974c71e85325c277d81855a7ac2882ce43ce4110d227d1e91c4f1b37", [:rebar3], [], "hexpm", "2cf7dcb67c91dce78c31efdf08de8bd103dd7c8a297d20db1b76dfc00b5a5a24"},
  "ex_aws": {:hex, :ex_aws, "2.6.1", "194582c7b09455de8a5ab18a0182e6dd937d53df82be2e63c619d01bddaccdfa", [:mix], [{:configparser_ex, "~> 5.0", [hex: :configparser_ex, repo: "hexpm", optional: true]}, {:hackney, "~> 1.16", [hex: :hackney, repo: "hexpm", optional: true]}, {:jason, "~> 1.1", [hex: :jason, repo: "hexpm", optional: true]}, {:jsx, "~> 2.8 or ~> 3.0", [hex: :jsx, repo: "hexpm", optional: true]}, {:mime, "~> 1.2 or ~> 2.0", [hex: :mime, repo: "hexpm", optional: false]}, {:req, "~> 0.5.10 or ~> 0.6 or ~> 1.0", [hex: :req, repo: "hexpm", optional: true]}, {:sweet_xml, "~> 0.7", [hex: :sweet_xml, repo: "hexpm", optional: true]}, {:telemetry, "~> 0.4.3 or ~> 1.0", [hex: :telemetry, repo: "hexpm", optional: false]}], "hexpm", "67842a08c90a1d9a09dbe4ac05754175c7ca253abe4912987c759395d4bd9d26"},
  "ex_aws_s3": {:hex, :ex_aws_s3, "2.5.9", "862b7792f2e60d7010e2920d79964e3fab289bc0fd951b0ba8457a3f7f9d1199", [:mix], [{:ex_aws, "~> 2.0", [hex: :ex_aws, repo: "hexpm", optional: false]}, {:sweet_xml, ">= 0.0.0", [hex: :sweet_xml, repo: "hexpm", optional: true]}], "hexpm", "a480d2bb2da64610014021629800e1e9457ca5e4a62f6775bffd963360c2bf90"},
  "ex_doc": {:hex, :ex_doc, "0.40.1", "67542e4b6dde74811cfd580e2c0149b78010fd13001fda7cfeb2b2c2ffb1344d", [:mix], [{:earmark_parser, "~> 1.4.44", [hex: :earmark_parser, repo: "hexpm", optional: false]}, {:makeup_c, ">= 0.1.0", [hex: :makeup_c, repo: "hexpm", optional: true]}, {:makeup_elixir, "~> 0.14 or ~> 1.0", [hex: :makeup_elixir, repo: "hexpm", optional: false]}, {:makeup_erlang, "~> 0.1 or ~> 1.0", [hex: :makeup_erlang, repo: "hexpm", optional: false]}, {:makeup_html, ">= 0.1.0", [hex: :makeup_html, repo: "hexpm", optional: true]}], "hexpm", "bcef0e2d360d93ac19f01a85d58f91752d930c0a30e2681145feea6bd3516e00"},
  "exla": {:hex, :exla, "0.12.0", "dd41fd3b27f5f4d88bf64c3fd506984182379c59ea223aa2919ea8280bc00ec2", [:make, :mix], [{:elixir_make, "~> 0.6", [hex: :elixir_make, repo: "hexpm", optional: false]}, {:fine, "~> 0.1", [hex: :fine, repo: "hexpm", optional: false]}, {:nimble_pool, "~> 1.0", [hex: :nimble_pool, repo: "hexpm", optional: false]}, {:nx, "~> 0.12.0", [hex: :nx, repo: "hexpm", optional: false]}, {:telemetry, "~> 0.4.0 or ~> 1.0", [hex: :telemetry, repo: "hexpm", optional: false]}, {:xla, "~> 0.10.0", [hex: :xla, repo: "hexpm", optional: false]}], "hexpm", "69ba16acf319d8bdb0a42a2c24511ee6b3a3ce339607416eb5cb4d3254e2230e"},
  "file_system": {:hex, :file_system, "1.1.1", "31864f4685b0148f25bd3fbef2b1228457c0c89024ad67f7a81a3ffbc0bbad3a", [:mix], [], "hexpm", "7a15ff97dfe526aeefb090a7a9d3d03aa907e100e262a0f8f7746b78f8f87a5d"},
  "finch": {:hex, :finch, "0.22.0", "5c48fa6f9706a78eb9036cacb67b8b996b4e66d111c543f4c29bb0f879a6806b", [:mix], [{:mime, "~> 1.0 or ~> 2.0", [hex: :mime, repo: "hexpm", optional: false]}, {:mint, "~> 1.8", [hex: :mint, repo: "hexpm", optional: false]}, {:nimble_options, "~> 0.4 or ~> 1.0", [hex: :nimble_options, repo: "hexpm", optional: false]}, {:nimble_pool, "~> 1.1", [hex: :nimble_pool, repo: "hexpm", optional: false]}, {:telemetry, "~> 0.4 or ~> 1.0", [hex: :telemetry, repo: "hexpm", optional: false]}], "hexpm", "b94e83c47780fc6813f746a1f1a34ee65cda42da4c5ea26a68f0acc4498e23dc"},
  "fine": {:hex, :fine, "0.1.6", "4bf7151493443c454aac9f2fa2f34f5fefd0346a83fb5586a016c4a135c63247", [:mix], [], "hexpm", "5638eb4495488e885ebec167fa57973e5c35e1a50c344eb7666c90ec1c4e3b12"},
  "hackney": {:hex, :hackney, "1.25.0", "390e9b83f31e5b325b9f43b76e1a785cbdb69b5b6cd4e079aa67835ded046867", [:rebar3], [{:certifi, "~> 2.15.0", [hex: :certifi, repo: "hexpm", optional: false]}, {:idna, "~> 6.1.0", [hex: :idna, repo: "hexpm", optional: false]}, {:metrics, "~> 1.0.0", [hex: :metrics, repo: "hexpm", optional: false]}, {:mimerl, "~> 1.4", [hex: :mimerl, repo: "hexpm", optional: false]}, {:parse_trans, "3.4.1", [hex: :parse_trans, repo: "hexpm", optional: false]}, {:ssl_verify_fun, "~> 1.1.0", [hex: :ssl_verify_fun, repo: "hexpm", optional: false]}, {:unicode_util_compat, "~> 0.7.1", [hex: :unicode_util_compat, repo: "hexpm", optional: false]}], "hexpm", "7209bfd75fd1f42467211ff8f59ea74d6f2a9e81cbcee95a56711ee79fd6b1d4"},
  "hf_hub": {:hex, :hf_hub, "0.3.1", "c3285b8c94b8622b9df137330a8a889c4f0ce171d459f9bc53e5d758a4dfcbcf", [:mix], [{:explorer, "~> 0.10", [hex: :explorer, repo: "hexpm", optional: true]}, {:jason, "~> 1.4", [hex: :jason, repo: "hexpm", optional: false]}, {:req, "~> 0.5", [hex: :req, repo: "hexpm", optional: false]}, {:yaml_elixir, "~> 2.9", [hex: :yaml_elixir, repo: "hexpm", optional: false]}], "hexpm", "ad58acabb774fb89a34590b6995b0472f3343ffa27c3624a833f9374543169d1"},
  "hpax": {:hex, :hpax, "1.0.3", "ed67ef51ad4df91e75cc6a1494f851850c0bd98ebc0be6e81b026e765ee535aa", [:mix], [], "hexpm", "8eab6e1cfa8d5918c2ce4ba43588e894af35dbd8e91e6e55c817bca5847df34a"},
  "idna": {:hex, :idna, "6.1.1", "8a63070e9f7d0c62eb9d9fcb360a7de382448200fbbd1b106cc96d3d8099df8d", [:rebar3], [{:unicode_util_compat, "~> 0.7.0", [hex: :unicode_util_compat, repo: "hexpm", optional: false]}], "hexpm", "92376eb7894412ed19ac475e4a86f7b413c1b9fbb5bd16dccd57934157944cea"},
  "jason": {:hex, :jason, "1.4.5", "2e3a008590b0b8d7388c20293e9dcc9cf3e5d642fd2a114e4cbbb52e595d940a", [:mix], [{:decimal, "~> 1.0 or ~> 2.0 or ~> 3.0", [hex: :decimal, repo: "hexpm", optional: true]}], "hexpm", "b0c823996102bcd0239b3c2444eb00409b72f6a140c1950bc8b457d836b30684"},
  "libgraph": {:hex, :libgraph, "0.16.0", "3936f3eca6ef826e08880230f806bfea13193e49bf153f93edcf0239d4fd1d07", [:mix], [], "hexpm", "41ca92240e8a4138c30a7e06466acc709b0cbb795c643e9e17174a178982d6bf"},
  "makeup": {:hex, :makeup, "1.2.1", "e90ac1c65589ef354378def3ba19d401e739ee7ee06fb47f94c687016e3713d1", [:mix], [{:nimble_parsec, "~> 1.4", [hex: :nimble_parsec, repo: "hexpm", optional: false]}], "hexpm", "d36484867b0bae0fea568d10131197a4c2e47056a6fbe84922bf6ba71c8d17ce"},
  "makeup_elixir": {:hex, :makeup_elixir, "1.0.1", "e928a4f984e795e41e3abd27bfc09f51db16ab8ba1aebdba2b3a575437efafc2", [:mix], [{:makeup, "~> 1.0", [hex: :makeup, repo: "hexpm", optional: false]}, {:nimble_parsec, "~> 1.2.3 or ~> 1.3", [hex: :nimble_parsec, repo: "hexpm", optional: false]}], "hexpm", "7284900d412a3e5cfd97fdaed4f5ed389b8f2b4cb49efc0eb3bd10e2febf9507"},
  "makeup_erlang": {:hex, :makeup_erlang, "1.0.3", "4252d5d4098da7415c390e847c814bad3764c94a814a0b4245176215615e1035", [:mix], [{:makeup, "~> 1.0", [hex: :makeup, repo: "hexpm", optional: false]}], "hexpm", "953297c02582a33411ac6208f2c6e55f0e870df7f80da724ed613f10e6706afd"},
  "metrics": {:hex, :metrics, "1.0.1", "25f094dea2cda98213cecc3aeff09e940299d950904393b2a29d191c346a8486", [:rebar3], [], "hexpm", "69b09adddc4f74a40716ae54d140f93beb0fb8978d8636eaded0c31b6f099f16"},
  "mime": {:hex, :mime, "2.0.7", "b8d739037be7cd402aee1ba0306edfdef982687ee7e9859bee6198c1e7e2f128", [:mix], [], "hexpm", "6171188e399ee16023ffc5b76ce445eb6d9672e2e241d2df6050f3c771e80ccd"},
  "mimerl": {:hex, :mimerl, "1.5.0", "f35aca6f23242339b3666e0ac0702379e362b469d0aea167f6cc713547e777ed", [:rebar3], [], "hexpm", "db648ce065bae14ea84ca8b5dd123f42f49417cef693541110bf6f9e9be9ecc4"},
  "mint": {:hex, :mint, "1.8.0", "b964eaf4416f2dee2ba88968d52239fca5621b0402b9c95f55a08eb9d74803e9", [:mix], [{:castore, "~> 0.1.0 or ~> 1.0", [hex: :castore, repo: "hexpm", optional: true]}, {:hpax, "~> 0.1.1 or ~> 0.2.0 or ~> 1.0", [hex: :hpax, repo: "hexpm", optional: false]}], "hexpm", "f3c572c11355eccf00f22275e9b42463bc17bd28db13be1e28f8e0bb4adbc849"},
  "multigraph": {:hex, :multigraph, "0.16.1-mg.3", "08051b7108ad870f24393e6f0c15ac8beb5c527942ed63800ece7fbb771f8c79", [:mix], [], "hexpm", "72897c5c175aa605cf7355b8f73972e8eadc40ebc6ffd43c3e790424a753d468"},
  "nimble_options": {:hex, :nimble_options, "1.1.1", "e3a492d54d85fc3fd7c5baf411d9d2852922f66e69476317787a7b2bb000a61b", [:mix], [], "hexpm", "821b2470ca9442c4b6984882fe9bb0389371b8ddec4d45a9504f00a66f650b44"},
  "nimble_parsec": {:hex, :nimble_parsec, "1.4.2", "8efba0122db06df95bfaa78f791344a89352ba04baedd3849593bfce4d0dc1c6", [:mix], [], "hexpm", "4b21398942dda052b403bbe1da991ccd03a053668d147d53fb8c4e0efe09c973"},
  "nimble_pool": {:hex, :nimble_pool, "1.1.0", "bf9c29fbdcba3564a8b800d1eeb5a3c58f36e1e11d7b7fb2e084a643f645f06b", [:mix], [], "hexpm", "af2e4e6b34197db81f7aad230c1118eac993acc0dae6bc83bac0126d4ae0813a"},
  "nx": {:hex, :nx, "0.12.1", "6e9fee43a77646d04faad2ba4e449b9e270c6b23e413f203cb4d81e71c0a617f", [:mix], [{:complex, "~> 0.7", [hex: :complex, repo: "hexpm", optional: false]}, {:telemetry, "~> 0.4.0 or ~> 1.0", [hex: :telemetry, repo: "hexpm", optional: false]}], "hexpm", "ee80f6ae898f68bbfe7f30216b06aab10096231ec99ded1208a827256b23d0fb"},
  "nx_image": {:hex, :nx_image, "0.1.2", "0c6e3453c1dc30fc80c723a54861204304cebc8a89ed3b806b972c73ee5d119d", [:mix], [{:nx, "~> 0.4", [hex: :nx, repo: "hexpm", optional: false]}], "hexpm", "9161863c42405ddccb6dbbbeae078ad23e30201509cc804b3b3a7c9e98764b81"},
  "nx_signal": {:hex, :nx_signal, "0.2.0", "e1ca0318877b17c81ce8906329f5125f1e2361e4c4235a5baac8a95ee88ea98e", [:mix], [{:nx, "~> 0.6", [hex: :nx, repo: "hexpm", optional: false]}], "hexpm", "7247e5e18a177a59c4cb5355952900c62fdeadeb2bad02a9a34237b68744e2bb"},
  "parse_trans": {:hex, :parse_trans, "3.4.1", "6e6aa8167cb44cc8f39441d05193be6e6f4e7c2946cb2759f015f8c56b76e5ff", [:rebar3], [], "hexpm", "620a406ce75dada827b82e453c19cf06776be266f5a67cff34e1ef2cbb60e49a"},
  "polaris": {:hex, :polaris, "0.1.0", "dca61b18e3e801ecdae6ac9f0eca5f19792b44a5cb4b8d63db50fc40fc038d22", [:mix], [{:nx, "~> 0.5", [hex: :nx, repo: "hexpm", optional: false]}], "hexpm", "13ef2b166650e533cb24b10e2f3b8ab4f2f449ba4d63156e8c569527f206e2c2"},
  "postgrex": {:hex, :postgrex, "0.22.2", "4aec14df2a72722aee92492566edbeeb44e233ecb86b1915d03136297ef1385d", [:mix], [{:db_connection, "~> 2.9", [hex: :db_connection, repo: "hexpm", optional: false]}, {:decimal, "~> 1.5 or ~> 2.0 or ~> 3.0", [hex: :decimal, repo: "hexpm", optional: false]}, {:jason, "~> 1.0", [hex: :jason, repo: "hexpm", optional: true]}, {:table, "~> 0.1.0", [hex: :table, repo: "hexpm", optional: true]}], "hexpm", "8946382ddb06294f56026ac4278b3cc212bac8a2c82ed68b4087819ed1abc53b"},
  "progress_bar": {:hex, :progress_bar, "3.0.0", "f54ff038c2ac540cfbb4c2bfe97c75e7116ead044f3c2b10c9f212452194b5cd", [:mix], [{:decimal, "~> 2.0", [hex: :decimal, repo: "hexpm", optional: false]}], "hexpm", "6981c2b25ab24aecc91a2dc46623658e1399c21a2ae24db986b90d678530f2b7"},
  "req": {:hex, :req, "0.5.18", "48e6431cb4135e8a7815e745177485369a9b4a9924d5fe68ca00eb09ceaed1ef", [:mix], [{:brotli, "~> 0.3.1", [hex: :brotli, repo: "hexpm", optional: true]}, {:ezstd, "~> 1.0", [hex: :ezstd, repo: "hexpm", optional: true]}, {:finch, "~> 0.21.0 or ~> 0.22.0", [hex: :finch, repo: "hexpm", optional: false]}, {:jason, "~> 1.0", [hex: :jason, repo: "hexpm", optional: false]}, {:mime, "~> 2.0.6 or ~> 2.1", [hex: :mime, repo: "hexpm", optional: false]}, {:nimble_csv, "~> 1.0", [hex: :nimble_csv, repo: "hexpm", optional: true]}, {:plug, "~> 1.0", [hex: :plug, repo: "hexpm", optional: true]}], "hexpm", "fa03812c440a9754bf34355e0c5d4f3ed316458db62e3284b7a352ef8dc0b996"},
  "rustler_precompiled": {:hex, :rustler_precompiled, "0.9.0", "3a052eda09f3d2436364645cc1f13279cf95db310eb0c17b0d8f25484b233aa0", [:mix], [{:rustler, "~> 0.23", [hex: :rustler, repo: "hexpm", optional: true]}], "hexpm", "471d97315bd3bf7b64623418b3693eedd8e47de3d1cb79a0ac8f9da7d770d94c"},
  "safetensors": {:hex, :safetensors, "0.1.3", "7ff3c22391e213289c713898481d492c9c28a49ab1d0705b72630fb8360426b2", [:mix], [{:jason, "~> 1.4", [hex: :jason, repo: "hexpm", optional: false]}, {:nx, "~> 0.5", [hex: :nx, repo: "hexpm", optional: false]}], "hexpm", "fe50b53ea59fde4e723dd1a2e31cfdc6013e69343afac84c6be86d6d7c562c14"},
  "ssl_verify_fun": {:hex, :ssl_verify_fun, "1.1.7", "354c321cf377240c7b8716899e182ce4890c5938111a1296add3ec74cf1715df", [:make, :mix, :rebar3], [], "hexpm", "fe4c190e8f37401d30167c8c405eda19469f34577987c76dde613e838bbc67f8"},
  "sweet_xml": {:hex, :sweet_xml, "0.7.5", "803a563113981aaac202a1dbd39771562d0ad31004ddbfc9b5090bdcd5605277", [:mix], [], "hexpm", "193b28a9b12891cae351d81a0cead165ffe67df1b73fe5866d10629f4faefb12"},
  "telemetry": {:hex, :telemetry, "1.4.1", "ab6de178e2b29b58e8256b92b382ea3f590a47152ca3651ea857a6cae05ac423", [:rebar3], [], "hexpm", "2172e05a27531d3d31dd9782841065c50dd5c3c7699d95266b2edd54c2dafa1c"},
  "tokenizers": {:hex, :tokenizers, "0.5.1", "b0975d92b4ee5b18e8f47b5d65b9d5f1e583d9130189b1a2620401af4e7d4b35", [:mix], [{:castore, "~> 0.1 or ~> 1.0", [hex: :castore, repo: "hexpm", optional: false]}, {:rustler, ">= 0.0.0", [hex: :rustler, repo: "hexpm", optional: true]}, {:rustler_precompiled, "~> 0.6", [hex: :rustler_precompiled, repo: "hexpm", optional: false]}], "hexpm", "5f08d97cc7f2ed3d71d370d68120da6d3de010948ccf676c9c0eb591ba4bacc9"},
  "unicode_util_compat": {:hex, :unicode_util_compat, "0.7.1", "a48703a25c170eedadca83b11e88985af08d35f37c6f664d6dcfb106a97782fc", [:rebar3], [], "hexpm", "b3a917854ce3ae233619744ad1e0102e05673136776fb2fa76234f3e03b23642"},
  "unpickler": {:hex, :unpickler, "0.1.0", "c2262c0819e6985b761e7107546cef96a485f401816be5304a65fdd200d5bd6a", [:mix], [], "hexpm", "e2b3f61e62406187ac52afead8a63bfb4e49394028993f3c4c42712743cab79e"},
  "unzip": {:hex, :unzip, "0.13.0", "bf5ec6ac6063c69e6ec54c8b4a3b8dcd7a2719d28d10d7025776ab107957cde9", [:mix], [], "hexpm", "4bcb9892ecbf2042606b43ab685a1bffe03c14003e6246f5453db2c829237fd9"},
  "weld": {:hex, :weld, "0.8.2", "18e118f20c57c6da67eebe5e1e9e65268ba03fc3eff3d9378141a67c6df1e943", [:mix], [{:credo, "~> 1.7", [hex: :credo, repo: "hexpm", optional: false]}, {:jason, "~> 1.4", [hex: :jason, repo: "hexpm", optional: false]}, {:multigraph, "~> 0.16.1-mg.3", [hex: :multigraph, repo: "hexpm", optional: false]}, {:nimble_options, "~> 1.1", [hex: :nimble_options, repo: "hexpm", optional: false]}, {:telemetry, "~> 1.4", [hex: :telemetry, repo: "hexpm", optional: false]}], "hexpm", "39316cd131dea92cc90b8cb77c7fd5371babede343faba2d0717a25fdae970ce"},
  "xla": {:hex, :xla, "0.10.0", "41121e9f011456242d3a79b9289910ce43419be0b0e7ebe67cc1292c6b3f232f", [:make, :mix], [{:elixir_make, "~> 0.4", [hex: :elixir_make, repo: "hexpm", optional: false]}], "hexpm", "f57d91aea6e661b52bf12239316c598679e9170628122bbd941235f040122bc6"},
  "yamerl": {:hex, :yamerl, "0.10.0", "4ff81fee2f1f6a46f1700c0d880b24d193ddb74bd14ef42cb0bcf46e81ef2f8e", [:rebar3], [], "hexpm", "346adb2963f1051dc837a2364e4acf6eb7d80097c0f53cbdc3046ec8ec4b4e6e"},
  "yaml_elixir": {:hex, :yaml_elixir, "2.12.1", "d74f2d82294651b58dac849c45a82aaea639766797359baff834b64439f6b3f4", [:mix], [{:yamerl, "~> 0.10", [hex: :yamerl, repo: "hexpm", optional: false]}], "hexpm", "d9ac16563c737d55f9bfeed7627489156b91268a3a21cd55c54eb2e335207fed"},
}
